
Microsoft Visual Studio Solution File, Format Version 12.00
# Visual Studio Version 16
VisualStudioVersion = 16.0.31624.102
MinimumVisualStudioVersion = 10.0.40219.1
Project("{FAE04EC0-301F-11D3-BF4B-00C04F79EFBC}") = "Election", "Election.csproj", "{8C539D56-99CB-4DC9-AA41-0ADC9F39A82E}"
EndProject
Global
	GlobalSection(SolutionConfigurationPlatforms) = preSolution
		Debug|Any CPU = Debug|Any CPU
		Release|Any CPU = Release|Any CPU
	EndGlobalSection
	GlobalSection(ProjectConfigurationPlatforms) = postSolution
		{8C539D56-99CB-4DC9-AA41-0ADC9F39A82E}.Debug|Any CPU.ActiveCfg = Debug|Any CPU
		{8C539D56-99CB-4DC9-AA41-0ADC9F39A82E}.Debug|Any CPU.Build.0 = Debug|Any CPU
		{8C539D56-99CB-4DC9-AA41-0ADC9F39A82E}.Release|Any CPU.ActiveCfg = Release|Any CPU
		{8C539D56-99CB-4DC9-AA41-0ADC9F39A82E}.Release|Any CPU.Build.0 = Release|Any CPU
	EndGlobalSection
	GlobalSection(SolutionProperties) = preSolution
		HideSolutionNode = FALSE
	EndGlobalSection
	GlobalSection(ExtensibilityGlobals) = postSolution
		SolutionGuid = {2FC15250-F6EA-4274-A78E-78C219540ABD}
	EndGlobalSection
EndGlobal
